
Microsoft Visual Studio Solution File, Format Version 12.00
# Visual Studio Version 16
VisualStudioVersion = 16.0.30002.166
MinimumVisualStudioVersion = 10.0.40219.1
Project("{9A19103F-16F7-4668-BE54-9A1E7A4F7556}") = "ProyectoFinal-PA2", "ProyectoFinal-PA2.csproj", "{9B8239C8-C052-41AC-A671-B168D4E8162B}"
EndProject
Project("{FAE04EC0-301F-11D3-BF4B-00C04F79EFBC}") = "ProyectoFinal-PA2Tests", "..\ProyectoFinal-PA2Tests\ProyectoFinal-PA2Tests.csproj", "{0FF3AC2F-239D-4513-B684-709E237CD1E9}"
EndProject
Global
	GlobalSection(SolutionConfigurationPlatforms) = preSolution
		Debug|Any CPU = Debug|Any CPU
		Release|Any CPU = Release|Any CPU
	EndGlobalSection
	GlobalSection(ProjectConfigurationPlatforms) = postSolution
		{9B8239C8-C052-41AC-A671-B168D4E8162B}.Debug|Any CPU.ActiveCfg = Debug|Any CPU
		{9B8239C8-C052-41AC-A671-B168D4E8162B}.Debug|Any CPU.Build.0 = Debug|Any CPU
		{9B8239C8-C052-41AC-A671-B168D4E8162B}.Release|Any CPU.ActiveCfg = Release|Any CPU
		{9B8239C8-C052-41AC-A671-B168D4E8162B}.Release|Any CPU.Build.0 = Release|Any CPU
		{0FF3AC2F-239D-4513-B684-709E237CD1E9}.Debug|Any CPU.ActiveCfg = Debug|Any CPU
		{0FF3AC2F-239D-4513-B684-709E237CD1E9}.Debug|Any CPU.Build.0 = Debug|Any CPU
		{0FF3AC2F-239D-4513-B684-709E237CD1E9}.Release|Any CPU.ActiveCfg = Release|Any CPU
		{0FF3AC2F-239D-4513-B684-709E237CD1E9}.Release|Any CPU.Build.0 = Release|Any CPU
	EndGlobalSection
	GlobalSection(SolutionProperties) = preSolution
		HideSolutionNode = FALSE
	EndGlobalSection
	GlobalSection(ExtensibilityGlobals) = postSolution
		SolutionGuid = {6566B011-87D7-4596-994F-E829684E4208}
	EndGlobalSection
EndGlobal
